// !$*UTF8*$!
{
	archiveVersion = 1;
	classes = {
	};
	objectVersion = 50;
	objects = {

/* Begin PBXBuildFile section */
		7D54EFF812D27B12E672F3BE /* Pods_TextDemo.framework in Frameworks */ = {isa = PBXBuildFile; fileRef = 70039EBFE45FADB4B4B84A8C /* Pods_TextDemo.framework */; };
		8591F8C4249B5E8500E9295F /* AppDelegate.m in Sources */ = {isa = PBXBuildFile; fileRef = 8591F8C3249B5E8500E9295F /* AppDelegate.m */; };
		8591F8C7249B5E8500E9295F /* SceneDelegate.m in Sources */ = {isa = PBXBuildFile; fileRef = 8591F8C6249B5E8500E9295F /* SceneDelegate.m */; };
		8591F8CA249B5E8500E9295F /* ViewController.m in Sources */ = {isa = PBXBuildFile; fileRef = 8591F8C9249B5E8500E9295F /* ViewController.m */; };
		8591F8CD249B5E8500E9295F /* Main.storyboard in Resources */ = {isa = PBXBuildFile; fileRef = 8591F8CB249B5E8500E9295F /* Main.storyboard */; };
		8591F8CF249B5E8800E9295F /* Assets.xcassets in Resources */ = {isa = PBXBuildFile; fileRef = 8591F8CE249B5E8800E9295F /* Assets.xcassets */; };
		8591F8D2249B5E8800E9295F /* LaunchScreen.storyboard in Resources */ = {isa = PBXBuildFile; fileRef = 8591F8D0249B5E8800E9295F /* LaunchScreen.storyboard */; };
		8591F8D5249B5E8800E9295F /* main.m in Sources */ = {isa = PBXBuildFile; fileRef = 8591F8D4249B5E8800E9295F /* main.m */; };
		8591F8DF249B5E8800E9295F /* TextDemoTests.m in Sources */ = {isa = PBXBuildFile; fileRef = 8591F8DE249B5E8800E9295F /* TextDemoTests.m */; };
		8591F8EA249B5E8800E9295F /* TextDemoUITests.m in Sources */ = {isa = PBXBuildFile; fileRef = 8591F8E9249B5E8800E9295F /* TextDemoUITests.m */; };
/* End PBXBuildFile section */

/* Begin PBXContainerItemProxy section */
		8591F8DB249B5E8800E9295F /* PBXContainerItemProxy */ = {
			isa = PBXContainerItemProxy;
			containerPortal = 8591F8B7249B5E8400E9295F /* Project object */;
			proxyType = 1;
			remoteGlobalIDString = 8591F8BE249B5E8500E9295F;
			remoteInfo = TextDemo;
		};
		8591F8E6249B5E8800E9295F /* PBXContainerItemProxy */ = {
			isa = PBXContainerItemProxy;
			containerPortal = 8591F8B7249B5E8400E9295F /* Project object */;
			proxyType = 1;
			remoteGlobalIDString = 8591F8BE249B5E8500E9295F;
			remoteInfo = TextDemo;
		};
/* End PBXContainerItemProxy section */

/* Begin PBXFileReference section */
		1964F2E1B164420152CDE0A5 /* Pods-TextDemo.release.xcconfig */ = {isa = PBXFileReference; includeInIndex = 1; lastKnownFileType = text.xcconfig; name = "Pods-TextDemo.release.xcconfig"; path = "Target Support Files/Pods-TextDemo/Pods-TextDemo.release.xcconfig"; sourceTree = "<group>"; };
		64944242FB6DB30A0DC8537D /* Pods-TextDemo.debug.xcconfig */ = {isa = PBXFileReference; includeInIndex = 1; lastKnownFileType = text.xcconfig; name = "Pods-TextDemo.debug.xcconfig"; path = "Target Support Files/Pods-TextDemo/Pods-TextDemo.debug.xcconfig"; sourceTree = "<group>"; };
		70039EBFE45FADB4B4B84A8C /* Pods_TextDemo.framework */ = {isa = PBXFileReference; explicitFileType = wrapper.framework; includeInIndex = 0; path = Pods_TextDemo.framework; sourceTree = BUILT_PRODUCTS_DIR; };
		8591F8BF249B5E8500E9295F /* TextDemo.app */ = {isa = PBXFileReference; explicitFileType = wrapper.application; includeInIndex = 0; path = TextDemo.app; sourceTree = BUILT_PRODUCTS_DIR; };
		8591F8C2249B5E8500E9295F /* AppDelegate.h */ = {isa = PBXFileReference; lastKnownFileType = sourcecode.c.h; path = AppDelegate.h; sourceTree = "<group>"; };
		8591F8C3249B5E8500E9295F /* AppDelegate.m */ = {isa = PBXFileReference; lastKnownFileType = sourcecode.c.objc; path = AppDelegate.m; sourceTree = "<group>"; };
		8591F8C5249B5E8500E9295F /* SceneDelegate.h */ = {isa = PBXFileReference; lastKnownFileType = sourcecode.c.h; path = SceneDelegate.h; sourceTree = "<group>"; };
		8591F8C6249B5E8500E9295F /* SceneDelegate.m */ = {isa = PBXFileReference; lastKnownFileType = sourcecode.c.objc; path = SceneDelegate.m; sourceTree = "<group>"; };
		8591F8C8249B5E8500E9295F /* ViewController.h */ = {isa = PBXFileReference; lastKnownFileType = sourcecode.c.h; path = ViewController.h; sourceTree = "<group>"; };
		8591F8C9249B5E8500E9295F /* ViewController.m */ = {isa = PBXFileReference; lastKnownFileType = sourcecode.c.objc; path = ViewController.m; sourceTree = "<group>"; };
		8591F8CC249B5E8500E9295F /* Base */ = {isa = PBXFileReference; lastKnownFileType = file.storyboard; name = Base; path = Base.lproj/Main.storyboard; sourceTree = "<group>"; };
		8591F8CE249B5E8800E9295F /* Assets.xcassets */ = {isa = PBXFileReference; lastKnownFileType = folder.assetcatalog; path = Assets.xcassets; sourceTree = "<group>"; };
		8591F8D1249B5E8800E9295F /* Base */ = {isa = PBXFileReference; lastKnownFileType = file.storyboard; name = Base; path = Base.lproj/LaunchScreen.storyboard; sourceTree = "<group>"; };
		8591F8D3249B5E8800E9295F /* Info.plist */ = {isa = PBXFileReference; lastKnownFileType = text.plist.xml; path = Info.plist; sourceTree = "<group>"; };
		8591F8D4249B5E8800E9295F /* main.m */ = {isa = PBXFileReference; lastKnownFileType = sourcecode.c.objc; path = main.m; sourceTree = "<group>"; };
		8591F8DA249B5E8800E9295F /* TextDemoTests.xctest */ = {isa = PBXFileReference; explicitFileType = wrapper.cfbundle; includeInIndex = 0; path = TextDemoTests.xctest; sourceTree = BUILT_PRODUCTS_DIR; };
		8591F8DE249B5E8800E9295F /* TextDemoTests.m */ = {isa = PBXFileReference; lastKnownFileType = sourcecode.c.objc; path = TextDemoTests.m; sourceTree = "<group>"; };
		8591F8E0249B5E8800E9295F /* Info.plist */ = {isa = PBXFileReference; lastKnownFileType = text.plist.xml; path = Info.plist; sourceTree = "<group>"; };
		8591F8E5249B5E8800E9295F /* TextDemoUITests.xctest */ = {isa = PBXFileReference; explicitFileType = wrapper.cfbundle; includeInIndex = 0; path = TextDemoUITests.xctest; sourceTree = BUILT_PRODUCTS_DIR; };
		8591F8E9249B5E8800E9295F /* TextDemoUITests.m */ = {isa = PBXFileReference; lastKnownFileType = sourcecode.c.objc; path = TextDemoUITests.m; sourceTree = "<group>"; };
		8591F8EB249B5E8800E9295F /* Info.plist */ = {isa = PBXFileReference; lastKnownFileType = text.plist.xml; path = Info.plist; sourceTree = "<group>"; };
/* End PBXFileReference section */

/* Begin PBXFrameworksBuildPhase section */
		8591F8BC249B5E8500E9295F /* Frameworks */ = {
			isa = PBXFrameworksBuildPhase;
			buildActionMask = 2147483647;
			files = (
				7D54EFF812D27B12E672F3BE /* Pods_TextDemo.framework in Frameworks */,
			);
			runOnlyForDeploymentPostprocessing = 0;
		};
		8591F8D7249B5E8800E9295F /* Frameworks */ = {
			isa = PBXFrameworksBuildPhase;
			buildActionMask = 2147483647;
			files = (
			);
			runOnlyForDeploymentPostprocessing = 0;
		};
		8591F8E2249B5E8800E9295F /* Frameworks */ = {
			isa = PBXFrameworksBuildPhase;
			buildActionMask = 2147483647;
			files = (
			);
			runOnlyForDeploymentPostprocessing = 0;
		};
/* End PBXFrameworksBuildPhase section */

/* Begin PBXGroup section */
		56896C534E03A6B4FD632949 /* Pods */ = {
			isa = PBXGroup;
			children = (
				64944242FB6DB30A0DC8537D /* Pods-TextDemo.debug.xcconfig */,
				1964F2E1B164420152CDE0A5 /* Pods-TextDemo.release.xcconfig */,
			);
			name = Pods;
			path = Pods;
			sourceTree = "<group>";
		};
		8591F8B6249B5E8400E9295F = {
			isa = PBXGroup;
			children = (
				8591F8C1249B5E8500E9295F /* TextDemo */,
				8591F8DD249B5E8800E9295F /* TextDemoTests */,
				8591F8E8249B5E8800E9295F /* TextDemoUITests */,
				8591F8C0249B5E8500E9295F /* Products */,
				56896C534E03A6B4FD632949 /* Pods */,
				E9C74E5E85C710DE1EAF205F /* Frameworks */,
			);
			sourceTree = "<group>";
		};
		8591F8C0249B5E8500E9295F /* Products */ = {
			isa = PBXGroup;
			children = (
				8591F8BF249B5E8500E9295F /* TextDemo.app */,
				8591F8DA249B5E8800E9295F /* TextDemoTests.xctest */,
				8591F8E5249B5E8800E9295F /* TextDemoUITests.xctest */,
			);
			name = Products;
			sourceTree = "<group>";
		};
		8591F8C1249B5E8500E9295F /* TextDemo */ = {
			isa = PBXGroup;
			children = (
				8591F8C2249B5E8500E9295F /* AppDelegate.h */,
				8591F8C3249B5E8500E9295F /* AppDelegate.m */,
				8591F8C5249B5E8500E9295F /* SceneDelegate.h */,
				8591F8C6249B5E8500E9295F /* SceneDelegate.m */,
				8591F8C8249B5E8500E9295F /* ViewController.h */,
				8591F8C9249B5E8500E9295F /* ViewController.m */,
				8591F8CB249B5E8500E9295F /* Main.storyboard */,
				8591F8CE249B5E8800E9295F /* Assets.xcassets */,
				8591F8D0249B5E8800E9295F /* LaunchScreen.storyboard */,
				8591F8D3249B5E8800E9295F /* Info.plist */,
				8591F8D4249B5E8800E9295F /* main.m */,
			);
			path = TextDemo;
			sourceTree = "<group>";
		};
		8591F8DD249B5E8800E9295F /* TextDemoTests */ = {
			isa = PBXGroup;
			children = (
				8591F8DE249B5E8800E9295F /* TextDemoTests.m */,
				8591F8E0249B5E8800E9295F /* Info.plist */,
			);
			path = TextDemoTests;
			sourceTree = "<group>";
		};
		8591F8E8249B5E8800E9295F /* TextDemoUITests */ = {
			isa = PBXGroup;
			children = (
				8591F8E9249B5E8800E9295F /* TextDemoUITests.m */,
				8591F8EB249B5E8800E9295F /* Info.plist */,
			);
			path = TextDemoUITests;
			sourceTree = "<group>";
		};
		E9C74E5E85C710DE1EAF205F /* Frameworks */ = {
			isa = PBXGroup;
			children = (
				70039EBFE45FADB4B4B84A8C /* Pods_TextDemo.framework */,
			);
			name = Frameworks;
			sourceTree = "<group>";
		};
/* End PBXGroup section */

/* Begin PBXNativeTarget section */
		8591F8BE249B5E8500E9295F /* TextDemo */ = {
			isa = PBXNativeTarget;
			buildConfigurationList = 8591F8EE249B5E8800E9295F /* Build configuration list for PBXNativeTarget "TextDemo" */;
			buildPhases = (
				1418E61639006BAB39ECD26D /* [CP] Check Pods Manifest.lock */,
				8591F8BB249B5E8500E9295F /* Sources */,
				8591F8BC249B5E8500E9295F /* Frameworks */,
				8591F8BD249B5E8500E9295F /* Resources */,
				0FAC78740883E8ADDA8E4458 /* [CP] Embed Pods Frameworks */,
			);
			buildRules = (
			);
			dependencies = (
			);
			name = TextDemo;
			productName = TextDemo;
			productReference = 8591F8BF249B5E8500E9295F /* TextDemo.app */;
			productType = "com.apple.product-type.application";
		};
		8591F8D9249B5E8800E9295F /* TextDemoTests */ = {
			isa = PBXNativeTarget;
			buildConfigurationList = 8591F8F1249B5E8800E9295F /* Build configuration list for PBXNativeTarget "TextDemoTests" */;
			buildPhases = (
				8591F8D6249B5E8800E9295F /* Sources */,
				8591F8D7249B5E8800E9295F /* Frameworks */,
				8591F8D8249B5E8800E9295F /* Resources */,
			);
			buildRules = (
			);
			dependencies = (
				8591F8DC249B5E8800E9295F /* PBXTargetDependency */,
			);
			name = TextDemoTests;
			productName = TextDemoTests;
			productReference = 8591F8DA249B5E8800E9295F /* TextDemoTests.xctest */;
			productType = "com.apple.product-type.bundle.unit-test";
		};
		8591F8E4249B5E8800E9295F /* TextDemoUITests */ = {
			isa = PBXNativeTarget;
			buildConfigurationList = 8591F8F4249B5E8800E9295F /* Build configuration list for PBXNativeTarget "TextDemoUITests" */;
			buildPhases = (
				8591F8E1249B5E8800E9295F /* Sources */,
				8591F8E2249B5E8800E9295F /* Frameworks */,
				8591F8E3249B5E8800E9295F /* Resources */,
			);
			buildRules = (
			);
			dependencies = (
				8591F8E7249B5E8800E9295F /* PBXTargetDependency */,
			);
			name = TextDemoUITests;
			productName = TextDemoUITests;
			productReference = 8591F8E5249B5E8800E9295F /* TextDemoUITests.xctest */;
			productType = "com.apple.product-type.bundle.ui-testing";
		};
/* End PBXNativeTarget section */

/* Begin PBXProject section */
		8591F8B7249B5E8400E9295F /* Project object */ = {
			isa = PBXProject;
			attributes = {
				LastUpgradeCheck = 1140;
				ORGANIZATIONNAME = "方廷超";
				TargetAttributes = {
					8591F8BE249B5E8500E9295F = {
						CreatedOnToolsVersion = 11.4.1;
					};
					8591F8D9249B5E8800E9295F = {
						CreatedOnToolsVersion = 11.4.1;
						TestTargetID = 8591F8BE249B5E8500E9295F;
					};
					8591F8E4249B5E8800E9295F = {
						CreatedOnToolsVersion = 11.4.1;
						TestTargetID = 8591F8BE249B5E8500E9295F;
					};
				};
			};
			buildConfigurationList = 8591F8BA249B5E8400E9295F /* Build configuration list for PBXProject "TextDemo" */;
			compatibilityVersion = "Xcode 9.3";
			developmentRegion = en;
			hasScannedForEncodings = 0;
			knownRegions = (
				en,
				Base,
			);
			mainGroup = 8591F8B6249B5E8400E9295F;
			productRefGroup = 8591F8C0249B5E8500E9295F /* Products */;
			projectDirPath = "";
			projectRoot = "";
			targets = (
				8591F8BE249B5E8500E9295F /* TextDemo */,
				8591F8D9249B5E8800E9295F /* TextDemoTests */,
				8591F8E4249B5E8800E9295F /* TextDemoUITests */,
			);
		};
/* End PBXProject section */

/* Begin PBXResourcesBuildPhase section */
		8591F8BD249B5E8500E9295F /* Resources */ = {
			isa = PBXResourcesBuildPhase;
			buildActionMask = 2147483647;
			files = (
				8591F8D2249B5E8800E9295F /* LaunchScreen.storyboard in Resources */,
				8591F8CF249B5E8800E9295F /* Assets.xcassets in Resources */,
				8591F8CD249B5E8500E9295F /* Main.storyboard in Resources */,
			);
			runOnlyForDeploymentPostprocessing = 0;
		};
		8591F8D8249B5E8800E9295F /* Resources */ = {
			isa = PBXResourcesBuildPhase;
			buildActionMask = 2147483647;
			files = (
			);
			runOnlyForDeploymentPostprocessing = 0;
		};
		8591F8E3249B5E8800E9295F /* Resources */ = {
			isa = PBXResourcesBuildPhase;
			buildActionMask = 2147483647;
			files = (
			);
			runOnlyForDeploymentPostprocessing = 0;
		};
/* End PBXResourcesBuildPhase section */

/* Begin PBXShellScriptBuildPhase section */
		0FAC78740883E8ADDA8E4458 /* [CP] Embed Pods Frameworks */ = {
			isa = PBXShellScriptBuildPhase;
			buildActionMask = 2147483647;
			files = (
			);
			inputFileListPaths = (
				"${PODS_ROOT}/Target Support Files/Pods-TextDemo/Pods-TextDemo-frameworks-${CONFIGURATION}-input-files.xcfilelist",
			);
			name = "[CP] Embed Pods Frameworks";
			outputFileListPaths = (
				"${PODS_ROOT}/Target Support Files/Pods-TextDemo/Pods-TextDemo-frameworks-${CONFIGURATION}-output-files.xcfilelist",
			);
			runOnlyForDeploymentPostprocessing = 0;
			shellPath = /bin/sh;
			shellScript = "\"${PODS_ROOT}/Target Support Files/Pods-TextDemo/Pods-TextDemo-frameworks.sh\"\n";
			showEnvVarsInLog = 0;
		};
		1418E61639006BAB39ECD26D /* [CP] Check Pods Manifest.lock */ = {
			isa = PBXShellScriptBuildPhase;
			buildActionMask = 2147483647;
			files = (
			);
			inputFileListPaths = (
			);
			inputPaths = (
				"${PODS_PODFILE_DIR_PATH}/Podfile.lock",
				"${PODS_ROOT}/Manifest.lock",
			);
			name = "[CP] Check Pods Manifest.lock";
			outputFileListPaths = (
			);
			outputPaths = (
				"$(DERIVED_FILE_DIR)/Pods-TextDemo-checkManifestLockResult.txt",
			);
			runOnlyForDeploymentPostprocessing = 0;
			shellPath = /bin/sh;
			shellScript = "diff \"${PODS_PODFILE_DIR_PATH}/Podfile.lock\" \"${PODS_ROOT}/Manifest.lock\" > /dev/null\nif [ $? != 0 ] ; then\n    # print error to STDERR\n    echo \"error: The sandbox is not in sync with the Podfile.lock. Run 'pod install' or update your CocoaPods installation.\" >&2\n    exit 1\nfi\n# This output is used by Xcode 'outputs' to avoid re-running this script phase.\necho \"SUCCESS\" > \"${SCRIPT_OUTPUT_FILE_0}\"\n";
			showEnvVarsInLog = 0;
		};
/* End PBXShellScriptBuildPhase section */

/* Begin PBXSourcesBuildPhase section */
		8591F8BB249B5E8500E9295F /* Sources */ = {
			isa = PBXSourcesBuildPhase;
			buildActionMask = 2147483647;
			files = (
				8591F8CA249B5E8500E9295F /* ViewController.m in Sources */,
				8591F8C4249B5E8500E9295F /* AppDelegate.m in Sources */,
				8591F8D5249B5E8800E9295F /* main.m in Sources */,
				8591F8C7249B5E8500E9295F /* SceneDelegate.m in Sources */,
			);
			runOnlyForDeploymentPostprocessing = 0;
		};
		8591F8D6249B5E8800E9295F /* Sources */ = {
			isa = PBXSourcesBuildPhase;
			buildActionMask = 2147483647;
			files = (
				8591F8DF249B5E8800E9295F /* TextDemoTests.m in Sources */,
			);
			runOnlyForDeploymentPostprocessing = 0;
		};
		8591F8E1249B5E8800E9295F /* Sources */ = {
			isa = PBXSourcesBuildPhase;
			buildActionMask = 2147483647;
			files = (
				8591F8EA249B5E8800E9295F /* TextDemoUITests.m in Sources */,
			);
			runOnlyForDeploymentPostprocessing = 0;
		};
/* End PBXSourcesBuildPhase section */

/* Begin PBXTargetDependency section */
		8591F8DC249B5E8800E9295F /* PBXTargetDependency */ = {
			isa = PBXTargetDependency;
			target = 8591F8BE249B5E8500E9295F /* TextDemo */;
			targetProxy = 8591F8DB249B5E8800E9295F /* PBXContainerItemProxy */;
		};
		8591F8E7249B5E8800E9295F /* PBXTargetDependency */ = {
			isa = PBXTargetDependency;
			target = 8591F8BE249B5E8500E9295F /* TextDemo */;
			targetProxy = 8591F8E6249B5E8800E9295F /* PBXContainerItemProxy */;
		};
/* End PBXTargetDependency section */

/* Begin PBXVariantGroup section */
		8591F8CB249B5E8500E9295F /* Main.storyboard */ = {
			isa = PBXVariantGroup;
			children = (
				8591F8CC249B5E8500E9295F /* Base */,
			);
			name = Main.storyboard;
			sourceTree = "<group>";
		};
		8591F8D0249B5E8800E9295F /* LaunchScreen.storyboard */ = {
			isa = PBXVariantGroup;
			children = (
				8591F8D1249B5E8800E9295F /* Base */,
			);
			name = LaunchScreen.storyboard;
			sourceTree = "<group>";
		};
/* End PBXVariantGroup section */

/* Begin XCBuildConfiguration section */
		8591F8EC249B5E8800E9295F /* Debug */ = {
			isa = XCBuildConfiguration;
			buildSettings = {
				ALWAYS_SEARCH_USER_PATHS = NO;
				CLANG_ANALYZER_NONNULL = YES;
				CLANG_ANALYZER_NUMBER_OBJECT_CONVERSION = YES_AGGRESSIVE;
				CLANG_CXX_LANGUAGE_STANDARD = "gnu++14";
				CLANG_CXX_LIBRARY = "libc++";
				CLANG_ENABLE_MODULES = YES;
				CLANG_ENABLE_OBJC_ARC = YES;
				CLANG_ENABLE_OBJC_WEAK = YES;
				CLANG_WARN_BLOCK_CAPTURE_AUTORELEASING = YES;
				CLANG_WARN_BOOL_CONVERSION = YES;
				CLANG_WARN_COMMA = YES;
				CLANG_WARN_CONSTANT_CONVERSION = YES;
				CLANG_WARN_DEPRECATED_OBJC_IMPLEMENTATIONS = YES;
				CLANG_WARN_DIRECT_OBJC_ISA_USAGE = YES_ERROR;
				CLANG_WARN_DOCUMENTATION_COMMENTS = YES;
				CLANG_WARN_EMPTY_BODY = YES;
				CLANG_WARN_ENUM_CONVERSION = YES;
				CLANG_WARN_INFINITE_RECURSION = YES;
				CLANG_WARN_INT_CONVERSION = YES;
				CLANG_WARN_NON_LITERAL_NULL_CONVERSION = YES;
				CLANG_WARN_OBJC_IMPLICIT_RETAIN_SELF = YES;
				CLANG_WARN_OBJC_LITERAL_CONVERSION = YES;
				CLANG_WARN_OBJC_ROOT_CLASS = YES_ERROR;
				CLANG_WARN_RANGE_LOOP_ANALYSIS = YES;
				CLANG_WARN_STRICT_PROTOTYPES = YES;
				CLANG_WARN_SUSPICIOUS_MOVE = YES;
				CLANG_WARN_UNGUARDED_AVAILABILITY = YES_AGGRESSIVE;
				CLANG_WARN_UNREACHABLE_CODE = YES;
				CLANG_WARN__DUPLICATE_METHOD_MATCH = YES;
				COPY_PHASE_STRIP = NO;
				DEBUG_INFORMATION_FORMAT = dwarf;
				ENABLE_STRICT_OBJC_MSGSEND = YES;
				ENABLE_TESTABILITY = YES;
				GCC_C_LANGUAGE_STANDARD = gnu11;
				GCC_DYNAMIC_NO_PIC = NO;
				GCC_NO_COMMON_BLOCKS = YES;
				GCC_OPTIMIZATION_LEVEL = 0;
				GCC_PREPROCESSOR_DEFINITIONS = (
					"DEBUG=1",
					"$(inherited)",
				);
				GCC_WARN_64_TO_32_BIT_CONVERSION = YES;
				GCC_WARN_ABOUT_RETURN_TYPE = YES_ERROR;
				GCC_WARN_UNDECLARED_SELECTOR = YES;
				GCC_WARN_UNINITIALIZED_AUTOS = YES_AGGRESSIVE;
				GCC_WARN_UNUSED_FUNCTION = YES;
				GCC_WARN_UNUSED_VARIABLE = YES;
				IPHONEOS_DEPLOYMENT_TARGET = 13.4;
				MTL_ENABLE_DEBUG_INFO = INCLUDE_SOURCE;
				MTL_FAST_MATH = YES;
				ONLY_ACTIVE_ARCH = YES;
				SDKROOT = iphoneos;
			};
			name = Debug;
		};
		8591F8ED249B5E8800E9295F /* Release */ = {
			isa = XCBuildConfiguration;
			buildSettings = {
				ALWAYS_SEARCH_USER_PATHS = NO;
				CLANG_ANALYZER_NONNULL = YES;
				CLANG_ANALYZER_NUMBER_OBJECT_CONVERSION = YES_AGGRESSIVE;
				CLANG_CXX_LANGUAGE_STANDARD = "gnu++14";
				CLANG_CXX_LIBRARY = "libc++";
				CLANG_ENABLE_MODULES = YES;
				CLANG_ENABLE_OBJC_ARC = YES;
				CLANG_ENABLE_OBJC_WEAK = YES;
				CLANG_WARN_BLOCK_CAPTURE_AUTORELEASING = YES;
				CLANG_WARN_BOOL_CONVERSION = YES;
				CLANG_WARN_COMMA = YES;
				CLANG_WARN_CONSTANT_CONVERSION = YES;
				CLANG_WARN_DEPRECATED_OBJC_IMPLEMENTATIONS = YES;
				CLANG_WARN_DIRECT_OBJC_ISA_USAGE = YES_ERROR;
				CLANG_WARN_DOCUMENTATION_COMMENTS = YES;
				CLANG_WARN_EMPTY_BODY = YES;
				CLANG_WARN_ENUM_CONVERSION = YES;
				CLANG_WARN_INFINITE_RECURSION = YES;
				CLANG_WARN_INT_CONVERSION = YES;
				CLANG_WARN_NON_LITERAL_NULL_CONVERSION = YES;
				CLANG_WARN_OBJC_IMPLICIT_RETAIN_SELF = YES;
				CLANG_WARN_OBJC_LITERAL_CONVERSION = YES;
				CLANG_WARN_OBJC_ROOT_CLASS = YES_ERROR;
				CLANG_WARN_RANGE_LOOP_ANALYSIS = YES;
				CLANG_WARN_STRICT_PROTOTYPES = YES;
				CLANG_WARN_SUSPICIOUS_MOVE = YES;
				CLANG_WARN_UNGUARDED_AVAILABILITY = YES_AGGRESSIVE;
				CLANG_WARN_UNREACHABLE_CODE = YES;
				CLANG_WARN__DUPLICATE_METHOD_MATCH = YES;
				COPY_PHASE_STRIP = NO;
				DEBUG_INFORMATION_FORMAT = "dwarf-with-dsym";
				ENABLE_NS_ASSERTIONS = NO;
				ENABLE_STRICT_OBJC_MSGSEND = YES;
				GCC_C_LANGUAGE_STANDARD = gnu11;
				GCC_NO_COMMON_BLOCKS = YES;
				GCC_WARN_64_TO_32_BIT_CONVERSION = YES;
				GCC_WARN_ABOUT_RETURN_TYPE = YES_ERROR;
				GCC_WARN_UNDECLARED_SELECTOR = YES;
				GCC_WARN_UNINITIALIZED_AUTOS = YES_AGGRESSIVE;
				GCC_WARN_UNUSED_FUNCTION = YES;
				GCC_WARN_UNUSED_VARIABLE = YES;
				IPHONEOS_DEPLOYMENT_TARGET = 13.4;
				MTL_ENABLE_DEBUG_INFO = NO;
				MTL_FAST_MATH = YES;
				SDKROOT = iphoneos;
				VALIDATE_PRODUCT = YES;
			};
			name = Release;
		};
		8591F8EF249B5E8800E9295F /* Debug */ = {
			isa = XCBuildConfiguration;
			baseConfigurationReference = 64944242FB6DB30A0DC8537D /* Pods-TextDemo.debug.xcconfig */;
			buildSettings = {
				ASSETCATALOG_COMPILER_APPICON_NAME = AppIcon;
				CODE_SIGN_STYLE = Automatic;
				DEVELOPMENT_TEAM = 96BTTXKZ9W;
				ENABLE_BITCODE = NO;
				INFOPLIST_FILE = TextDemo/Info.plist;
				LD_RUNPATH_SEARCH_PATHS = (
					"$(inherited)",
					"@executable_path/Frameworks",
				);
				PRODUCT_BUNDLE_IDENTIFIER = com.yivo.TextDemo;
				PRODUCT_NAME = "$(TARGET_NAME)";
				TARGETED_DEVICE_FAMILY = "1,2";
			};
			name = Debug;
		};
		8591F8F0249B5E8800E9295F /* Release */ = {
			isa = XCBuildConfiguration;
			baseConfigurationReference = 1964F2E1B164420152CDE0A5 /* Pods-TextDemo.release.xcconfig */;
			buildSettings = {
				ASSETCATALOG_COMPILER_APPICON_NAME = AppIcon;
				CODE_SIGN_STYLE = Automatic;
				DEVELOPMENT_TEAM = 96BTTXKZ9W;
				ENABLE_BITCODE = NO;
				INFOPLIST_FILE = TextDemo/Info.plist;
				LD_RUNPATH_SEARCH_PATHS = (
					"$(inherited)",
					"@executable_path/Frameworks",
				);
				PRODUCT_BUNDLE_IDENTIFIER = com.yivo.TextDemo;
				PRODUCT_NAME = "$(TARGET_NAME)";
				TARGETED_DEVICE_FAMILY = "1,2";
			};
			name = Release;
		};
		8591F8F2249B5E8800E9295F /* Debug */ = {
			isa = XCBuildConfiguration;
			buildSettings = {
				BUNDLE_LOADER = "$(TEST_HOST)";
				CODE_SIGN_STYLE = Automatic;
				INFOPLIST_FILE = TextDemoTests/Info.plist;
				IPHONEOS_DEPLOYMENT_TARGET = 13.4;
				LD_RUNPATH_SEARCH_PATHS = (
					"$(inherited)",
					"@executable_path/Frameworks",
					"@loader_path/Frameworks",
				);
				PRODUCT_BUNDLE_IDENTIFIER = com.yivo.TextDemoTests;
				PRODUCT_NAME = "$(TARGET_NAME)";
				TARGETED_DEVICE_FAMILY = "1,2";
				TEST_HOST = "$(BUILT_PRODUCTS_DIR)/TextDemo.app/TextDemo";
			};
			name = Debug;
		};
		8591F8F3249B5E8800E9295F /* Release */ = {
			isa = XCBuildConfiguration;
			buildSettings = {
				BUNDLE_LOADER = "$(TEST_HOST)";
				CODE_SIGN_STYLE = Automatic;
				INFOPLIST_FILE = TextDemoTests/Info.plist;
				IPHONEOS_DEPLOYMENT_TARGET = 13.4;
				LD_RUNPATH_SEARCH_PATHS = (
					"$(inherited)",
					"@executable_path/Frameworks",
					"@loader_path/Frameworks",
				);
				PRODUCT_BUNDLE_IDENTIFIER = com.yivo.TextDemoTests;
				PRODUCT_NAME = "$(TARGET_NAME)";
				TARGETED_DEVICE_FAMILY = "1,2";
				TEST_HOST = "$(BUILT_PRODUCTS_DIR)/TextDemo.app/TextDemo";
			};
			name = Release;
		};
		8591F8F5249B5E8800E9295F /* Debug */ = {
			isa = XCBuildConfiguration;
			buildSettings = {
				CODE_SIGN_STYLE = Automatic;
				INFOPLIST_FILE = TextDemoUITests/Info.plist;
				LD_RUNPATH_SEARCH_PATHS = (
					"$(inherited)",
					"@executable_path/Frameworks",
					"@loader_path/Frameworks",
				);
				PRODUCT_BUNDLE_IDENTIFIER = com.yivo.TextDemoUITests;
				PRODUCT_NAME = "$(TARGET_NAME)";
				TARGETED_DEVICE_FAMILY = "1,2";
				TEST_TARGET_NAME = TextDemo;
			};
			name = Debug;
		};
		8591F8F6249B5E8800E9295F /* Release */ = {
			isa = XCBuildConfiguration;
			buildSettings = {
				CODE_SIGN_STYLE = Automatic;
				INFOPLIST_FILE = TextDemoUITests/Info.plist;
				LD_RUNPATH_SEARCH_PATHS = (
					"$(inherited)",
					"@executable_path/Frameworks",
					"@loader_path/Frameworks",
				);
				PRODUCT_BUNDLE_IDENTIFIER = com.yivo.TextDemoUITests;
				PRODUCT_NAME = "$(TARGET_NAME)";
				TARGETED_DEVICE_FAMILY = "1,2";
				TEST_TARGET_NAME = TextDemo;
			};
			name = Release;
		};
/* End XCBuildConfiguration section */

/* Begin XCConfigurationList section */
		8591F8BA249B5E8400E9295F /* Build configuration list for PBXProject "TextDemo" */ = {
			isa = XCConfigurationList;
			buildConfigurations = (
				8591F8EC249B5E8800E9295F /* Debug */,
				8591F8ED249B5E8800E9295F /* Release */,
			);
			defaultConfigurationIsVisible = 0;
			defaultConfigurationName = Release;
		};
		8591F8EE249B5E8800E9295F /* Build configuration list for PBXNativeTarget "TextDemo" */ = {
			isa = XCConfigurationList;
			buildConfigurations = (
				8591F8EF249B5E8800E9295F /* Debug */,
				8591F8F0249B5E8800E9295F /* Release */,
			);
			defaultConfigurationIsVisible = 0;
			defaultConfigurationName = Release;
		};
		8591F8F1249B5E8800E9295F /* Build configuration list for PBXNativeTarget "TextDemoTests" */ = {
			isa = XCConfigurationList;
			buildConfigurations = (
				8591F8F2249B5E8800E9295F /* Debug */,
				8591F8F3249B5E8800E9295F /* Release */,
			);
			defaultConfigurationIsVisible = 0;
			defaultConfigurationName = Release;
		};
		8591F8F4249B5E8800E9295F /* Build configuration list for PBXNativeTarget "TextDemoUITests" */ = {
			isa = XCConfigurationList;
			buildConfigurations = (
				8591F8F5249B5E8800E9295F /* Debug */,
				8591F8F6249B5E8800E9295F /* Release */,
			);
			defaultConfigurationIsVisible = 0;
			defaultConfigurationName = Release;
		};
/* End XCConfigurationList section */
	};
	rootObject = 8591F8B7249B5E8400E9295F /* Project object */;
}
